// !$*UTF8*$!
{
	archiveVersion = 1;
	classes = {
	};
	objectVersion = 50;
	objects = {

/* Begin PBXBuildFile section */
		55085A9F20FD853200BF4ECB /* AppDelegate.m in Sources */ = {isa = PBXBuildFile; fileRef = 55085A9E20FD853200BF4ECB /* AppDelegate.m */; };
		55085AA220FD853200BF4ECB /* ViewController.m in Sources */ = {isa = PBXBuildFile; fileRef = 55085AA120FD853200BF4ECB /* ViewController.m */; };
		55085AA520FD853200BF4ECB /* Main.storyboard in Resources */ = {isa = PBXBuildFile; fileRef = 55085AA320FD853200BF4ECB /* Main.storyboard */; };
		55085AA720FD853A00BF4ECB /* Assets.xcassets in Resources */ = {isa = PBXBuildFile; fileRef = 55085AA620FD853A00BF4ECB /* Assets.xcassets */; };
		55085AAA20FD853A00BF4ECB /* LaunchScreen.storyboard in Resources */ = {isa = PBXBuildFile; fileRef = 55085AA820FD853A00BF4ECB /* LaunchScreen.storyboard */; };
		55085AAD20FD853A00BF4ECB /* main.m in Sources */ = {isa = PBXBuildFile; fileRef = 55085AAC20FD853A00BF4ECB /* main.m */; };
		55085AC320FD861400BF4ECB /* CYXBarView.m in Sources */ = {isa = PBXBuildFile; fileRef = 55085ABE20FD861400BF4ECB /* CYXBarView.m */; };
		55085AC420FD861400BF4ECB /* CYXTabBar.m in Sources */ = {isa = PBXBuildFile; fileRef = 55085AC020FD861400BF4ECB /* CYXTabBar.m */; };
		55085AC520FD861400BF4ECB /* CYXTabBarViewController.m in Sources */ = {isa = PBXBuildFile; fileRef = 55085AC220FD861400BF4ECB /* CYXTabBarViewController.m */; };
		55085AE120FD8A4800BF4ECB /* MASCompositeConstraint.m in Sources */ = {isa = PBXBuildFile; fileRef = 55085AC920FD8A4800BF4ECB /* MASCompositeConstraint.m */; };
		55085AE220FD8A4800BF4ECB /* MASConstraint.m in Sources */ = {isa = PBXBuildFile; fileRef = 55085ACC20FD8A4800BF4ECB /* MASConstraint.m */; };
		55085AE320FD8A4800BF4ECB /* MASConstraintMaker.m in Sources */ = {isa = PBXBuildFile; fileRef = 55085ACE20FD8A4800BF4ECB /* MASConstraintMaker.m */; };
		55085AE420FD8A4800BF4ECB /* MASLayoutConstraint.m in Sources */ = {isa = PBXBuildFile; fileRef = 55085AD020FD8A4800BF4ECB /* MASLayoutConstraint.m */; };
		55085AE520FD8A4800BF4ECB /* MASViewAttribute.m in Sources */ = {isa = PBXBuildFile; fileRef = 55085AD420FD8A4800BF4ECB /* MASViewAttribute.m */; };
		55085AE620FD8A4800BF4ECB /* MASViewConstraint.m in Sources */ = {isa = PBXBuildFile; fileRef = 55085AD620FD8A4800BF4ECB /* MASViewConstraint.m */; };
		55085AE720FD8A4800BF4ECB /* NSArray+MASAdditions.m in Sources */ = {isa = PBXBuildFile; fileRef = 55085AD820FD8A4800BF4ECB /* NSArray+MASAdditions.m */; };
		55085AE820FD8A4800BF4ECB /* NSLayoutConstraint+MASDebugAdditions.m in Sources */ = {isa = PBXBuildFile; fileRef = 55085ADB20FD8A4800BF4ECB /* NSLayoutConstraint+MASDebugAdditions.m */; };
		55085AE920FD8A4800BF4ECB /* View+MASAdditions.m in Sources */ = {isa = PBXBuildFile; fileRef = 55085ADD20FD8A4800BF4ECB /* View+MASAdditions.m */; };
		55085AEA20FD8A4800BF4ECB /* ViewController+MASAdditions.m in Sources */ = {isa = PBXBuildFile; fileRef = 55085AE020FD8A4800BF4ECB /* ViewController+MASAdditions.m */; };
		55085AF020FD8F1500BF4ECB /* CYXTabBarItem.m in Sources */ = {isa = PBXBuildFile; fileRef = 55085AEF20FD8F1500BF4ECB /* CYXTabBarItem.m */; };
		55085AF320FD96DF00BF4ECB /* UIView+Size.m in Sources */ = {isa = PBXBuildFile; fileRef = 55085AF220FD96DF00BF4ECB /* UIView+Size.m */; };
		55085AF520FD9F2A00BF4ECB /* jmtIconBg.png in Resources */ = {isa = PBXBuildFile; fileRef = 55085AF420FD9F2A00BF4ECB /* jmtIconBg.png */; };
/* End PBXBuildFile section */

/* Begin PBXFileReference section */
		55085A9A20FD853200BF4ECB /* CYXCustomTabBarController.app */ = {isa = PBXFileReference; explicitFileType = wrapper.application; includeInIndex = 0; path = CYXCustomTabBarController.app; sourceTree = BUILT_PRODUCTS_DIR; };
		55085A9D20FD853200BF4ECB /* AppDelegate.h */ = {isa = PBXFileReference; lastKnownFileType = sourcecode.c.h; path = AppDelegate.h; sourceTree = "<group>"; };
		55085A9E20FD853200BF4ECB /* AppDelegate.m */ = {isa = PBXFileReference; lastKnownFileType = sourcecode.c.objc; path = AppDelegate.m; sourceTree = "<group>"; };
		55085AA020FD853200BF4ECB /* ViewController.h */ = {isa = PBXFileReference; lastKnownFileType = sourcecode.c.h; path = ViewController.h; sourceTree = "<group>"; };
		55085AA120FD853200BF4ECB /* ViewController.m */ = {isa = PBXFileReference; lastKnownFileType = sourcecode.c.objc; path = ViewController.m; sourceTree = "<group>"; };
		55085AA420FD853200BF4ECB /* Base */ = {isa = PBXFileReference; lastKnownFileType = file.storyboard; name = Base; path = Base.lproj/Main.storyboard; sourceTree = "<group>"; };
		55085AA620FD853A00BF4ECB /* Assets.xcassets */ = {isa = PBXFileReference; lastKnownFileType = folder.assetcatalog; path = Assets.xcassets; sourceTree = "<group>"; };
		55085AA920FD853A00BF4ECB /* Base */ = {isa = PBXFileReference; lastKnownFileType = file.storyboard; name = Base; path = Base.lproj/LaunchScreen.storyboard; sourceTree = "<group>"; };
		55085AAB20FD853A00BF4ECB /* Info.plist */ = {isa = PBXFileReference; lastKnownFileType = text.plist.xml; path = Info.plist; sourceTree = "<group>"; };
		55085AAC20FD853A00BF4ECB /* main.m */ = {isa = PBXFileReference; lastKnownFileType = sourcecode.c.objc; path = main.m; sourceTree = "<group>"; };
		55085ABD20FD861400BF4ECB /* CYXBarView.h */ = {isa = PBXFileReference; fileEncoding = 4; lastKnownFileType = sourcecode.c.h; path = CYXBarView.h; sourceTree = "<group>"; };
		55085ABE20FD861400BF4ECB /* CYXBarView.m */ = {isa = PBXFileReference; fileEncoding = 4; lastKnownFileType = sourcecode.c.objc; path = CYXBarView.m; sourceTree = "<group>"; };
		55085ABF20FD861400BF4ECB /* CYXTabBar.h */ = {isa = PBXFileReference; fileEncoding = 4; lastKnownFileType = sourcecode.c.h; path = CYXTabBar.h; sourceTree = "<group>"; };
		55085AC020FD861400BF4ECB /* CYXTabBar.m */ = {isa = PBXFileReference; fileEncoding = 4; lastKnownFileType = sourcecode.c.objc; path = CYXTabBar.m; sourceTree = "<group>"; };
		55085AC120FD861400BF4ECB /* CYXTabBarViewController.h */ = {isa = PBXFileReference; fileEncoding = 4; lastKnownFileType = sourcecode.c.h; path = CYXTabBarViewController.h; sourceTree = "<group>"; };
		55085AC220FD861400BF4ECB /* CYXTabBarViewController.m */ = {isa = PBXFileReference; fileEncoding = 4; lastKnownFileType = sourcecode.c.objc; path = CYXTabBarViewController.m; sourceTree = "<group>"; };
		55085AC820FD8A4800BF4ECB /* MASCompositeConstraint.h */ = {isa = PBXFileReference; fileEncoding = 4; lastKnownFileType = sourcecode.c.h; path = MASCompositeConstraint.h; sourceTree = "<group>"; };
		55085AC920FD8A4800BF4ECB /* MASCompositeConstraint.m */ = {isa = PBXFileReference; fileEncoding = 4; lastKnownFileType = sourcecode.c.objc; path = MASCompositeConstraint.m; sourceTree = "<group>"; };
		55085ACA20FD8A4800BF4ECB /* MASConstraint+Private.h */ = {isa = PBXFileReference; fileEncoding = 4; lastKnownFileType = sourcecode.c.h; path = "MASConstraint+Private.h"; sourceTree = "<group>"; };
		55085ACB20FD8A4800BF4ECB /* MASConstraint.h */ = {isa = PBXFileReference; fileEncoding = 4; lastKnownFileType = sourcecode.c.h; path = MASConstraint.h; sourceTree = "<group>"; };
		55085ACC20FD8A4800BF4ECB /* MASConstraint.m */ = {isa = PBXFileReference; fileEncoding = 4; lastKnownFileType = sourcecode.c.objc; path = MASConstraint.m; sourceTree = "<group>"; };
		55085ACD20FD8A4800BF4ECB /* MASConstraintMaker.h */ = {isa = PBXFileReference; fileEncoding = 4; lastKnownFileType = sourcecode.c.h; path = MASConstraintMaker.h; sourceTree = "<group>"; };
		55085ACE20FD8A4800BF4ECB /* MASConstraintMaker.m */ = {isa = PBXFileReference; fileEncoding = 4; lastKnownFileType = sourcecode.c.objc; path = MASConstraintMaker.m; sourceTree = "<group>"; };
		55085ACF20FD8A4800BF4ECB /* MASLayoutConstraint.h */ = {isa = PBXFileReference; fileEncoding = 4; lastKnownFileType = sourcecode.c.h; path = MASLayoutConstraint.h; sourceTree = "<group>"; };
		55085AD020FD8A4800BF4ECB /* MASLayoutConstraint.m */ = {isa = PBXFileReference; fileEncoding = 4; lastKnownFileType = sourcecode.c.objc; path = MASLayoutConstraint.m; sourceTree = "<group>"; };
		55085AD120FD8A4800BF4ECB /* Masonry.h */ = {isa = PBXFileReference; fileEncoding = 4; lastKnownFileType = sourcecode.c.h; path = Masonry.h; sourceTree = "<group>"; };
		55085AD220FD8A4800BF4ECB /* MASUtilities.h */ = {isa = PBXFileReference; fileEncoding = 4; lastKnownFileType = sourcecode.c.h; path = MASUtilities.h; sourceTree = "<group>"; };
		55085AD320FD8A4800BF4ECB /* MASViewAttribute.h */ = {isa = PBXFileReference; fileEncoding = 4; lastKnownFileType = sourcecode.c.h; path = MASViewAttribute.h; sourceTree = "<group>"; };
		55085AD420FD8A4800BF4ECB /* MASViewAttribute.m */ = {isa = PBXFileReference; fileEncoding = 4; lastKnownFileType = sourcecode.c.objc; path = MASViewAttribute.m; sourceTree = "<group>"; };
		55085AD520FD8A4800BF4ECB /* MASViewConstraint.h */ = {isa = PBXFileReference; fileEncoding = 4; lastKnownFileType = sourcecode.c.h; path = MASViewConstraint.h; sourceTree = "<group>"; };
		55085AD620FD8A4800BF4ECB /* MASViewConstraint.m */ = {isa = PBXFileReference; fileEncoding = 4; lastKnownFileType = sourcecode.c.objc; path = MASViewConstraint.m; sourceTree = "<group>"; };
		55085AD720FD8A4800BF4ECB /* NSArray+MASAdditions.h */ = {isa = PBXFileReference; fileEncoding = 4; lastKnownFileType = sourcecode.c.h; path = "NSArray+MASAdditions.h"; sourceTree = "<group>"; };
		55085AD820FD8A4800BF4ECB /* NSArray+MASAdditions.m */ = {isa = PBXFileReference; fileEncoding = 4; lastKnownFileType = sourcecode.c.objc; path = "NSArray+MASAdditions.m"; sourceTree = "<group>"; };
		55085AD920FD8A4800BF4ECB /* NSArray+MASShorthandAdditions.h */ = {isa = PBXFileReference; fileEncoding = 4; lastKnownFileType = sourcecode.c.h; path = "NSArray+MASShorthandAdditions.h"; sourceTree = "<group>"; };
		55085ADA20FD8A4800BF4ECB /* NSLayoutConstraint+MASDebugAdditions.h */ = {isa = PBXFileReference; fileEncoding = 4; lastKnownFileType = sourcecode.c.h; path = "NSLayoutConstraint+MASDebugAdditions.h"; sourceTree = "<group>"; };
		55085ADB20FD8A4800BF4ECB /* NSLayoutConstraint+MASDebugAdditions.m */ = {isa = PBXFileReference; fileEncoding = 4; lastKnownFileType = sourcecode.c.objc; path = "NSLayoutConstraint+MASDebugAdditions.m"; sourceTree = "<group>"; };
		55085ADC20FD8A4800BF4ECB /* View+MASAdditions.h */ = {isa = PBXFileReference; fileEncoding = 4; lastKnownFileType = sourcecode.c.h; path = "View+MASAdditions.h"; sourceTree = "<group>"; };
		55085ADD20FD8A4800BF4ECB /* View+MASAdditions.m */ = {isa = PBXFileReference; fileEncoding = 4; lastKnownFileType = sourcecode.c.objc; path = "View+MASAdditions.m"; sourceTree = "<group>"; };
		55085ADE20FD8A4800BF4ECB /* View+MASShorthandAdditions.h */ = {isa = PBXFileReference; fileEncoding = 4; lastKnownFileType = sourcecode.c.h; path = "View+MASShorthandAdditions.h"; sourceTree = "<group>"; };
		55085ADF20FD8A4800BF4ECB /* ViewController+MASAdditions.h */ = {isa = PBXFileReference; fileEncoding = 4; lastKnownFileType = sourcecode.c.h; path = "ViewController+MASAdditions.h"; sourceTree = "<group>"; };
		55085AE020FD8A4800BF4ECB /* ViewController+MASAdditions.m */ = {isa = PBXFileReference; fileEncoding = 4; lastKnownFileType = sourcecode.c.objc; path = "ViewController+MASAdditions.m"; sourceTree = "<group>"; };
		55085AEE20FD8F1500BF4ECB /* CYXTabBarItem.h */ = {isa = PBXFileReference; lastKnownFileType = sourcecode.c.h; path = CYXTabBarItem.h; sourceTree = "<group>"; };
		55085AEF20FD8F1500BF4ECB /* CYXTabBarItem.m */ = {isa = PBXFileReference; lastKnownFileType = sourcecode.c.objc; path = CYXTabBarItem.m; sourceTree = "<group>"; };
		55085AF120FD96DF00BF4ECB /* UIView+Size.h */ = {isa = PBXFileReference; fileEncoding = 4; lastKnownFileType = sourcecode.c.h; path = "UIView+Size.h"; sourceTree = "<group>"; };
		55085AF220FD96DF00BF4ECB /* UIView+Size.m */ = {isa = PBXFileReference; fileEncoding = 4; lastKnownFileType = sourcecode.c.objc; path = "UIView+Size.m"; sourceTree = "<group>"; };
		55085AF420FD9F2A00BF4ECB /* jmtIconBg.png */ = {isa = PBXFileReference; lastKnownFileType = image.png; path = jmtIconBg.png; sourceTree = "<group>"; };
/* End PBXFileReference section */

/* Begin PBXFrameworksBuildPhase section */
		55085A9720FD853200BF4ECB /* Frameworks */ = {
			isa = PBXFrameworksBuildPhase;
			buildActionMask = 2147483647;
			files = (
			);
			runOnlyForDeploymentPostprocessing = 0;
		};
/* End PBXFrameworksBuildPhase section */

/* Begin PBXGroup section */
		55085A9120FD853200BF4ECB = {
			isa = PBXGroup;
			children = (
				55085A9C20FD853200BF4ECB /* CYXCustomTabBarController */,
				55085A9B20FD853200BF4ECB /* Products */,
			);
			sourceTree = "<group>";
		};
		55085A9B20FD853200BF4ECB /* Products */ = {
			isa = PBXGroup;
			children = (
				55085A9A20FD853200BF4ECB /* CYXCustomTabBarController.app */,
			);
			name = Products;
			sourceTree = "<group>";
		};
		55085A9C20FD853200BF4ECB /* CYXCustomTabBarController */ = {
			isa = PBXGroup;
			children = (
				55085AF420FD9F2A00BF4ECB /* jmtIconBg.png */,
				55085AC620FD8A2900BF4ECB /* Other */,
				55085ABC20FD861400BF4ECB /* CustomTabbar */,
				55085A9D20FD853200BF4ECB /* AppDelegate.h */,
				55085A9E20FD853200BF4ECB /* AppDelegate.m */,
				55085AA020FD853200BF4ECB /* ViewController.h */,
				55085AA120FD853200BF4ECB /* ViewController.m */,
				55085AA320FD853200BF4ECB /* Main.storyboard */,
				55085AA620FD853A00BF4ECB /* Assets.xcassets */,
				55085AA820FD853A00BF4ECB /* LaunchScreen.storyboard */,
				55085AAB20FD853A00BF4ECB /* Info.plist */,
				55085AAC20FD853A00BF4ECB /* main.m */,
			);
			path = CYXCustomTabBarController;
			sourceTree = "<group>";
		};
		55085ABC20FD861400BF4ECB /* CustomTabbar */ = {
			isa = PBXGroup;
			children = (
				55085AC120FD861400BF4ECB /* CYXTabBarViewController.h */,
				55085AC220FD861400BF4ECB /* CYXTabBarViewController.m */,
				55085ABF20FD861400BF4ECB /* CYXTabBar.h */,
				55085AC020FD861400BF4ECB /* CYXTabBar.m */,
				55085ABD20FD861400BF4ECB /* CYXBarView.h */,
				55085ABE20FD861400BF4ECB /* CYXBarView.m */,
				55085AEE20FD8F1500BF4ECB /* CYXTabBarItem.h */,
				55085AEF20FD8F1500BF4ECB /* CYXTabBarItem.m */,
			);
			path = CustomTabbar;
			sourceTree = "<group>";
		};
		55085AC620FD8A2900BF4ECB /* Other */ = {
			isa = PBXGroup;
			children = (
				55085AF120FD96DF00BF4ECB /* UIView+Size.h */,
				55085AF220FD96DF00BF4ECB /* UIView+Size.m */,
				55085AC720FD8A4800BF4ECB /* Masonry */,
			);
			path = Other;
			sourceTree = "<group>";
		};
		55085AC720FD8A4800BF4ECB /* Masonry */ = {
			isa = PBXGroup;
			children = (
				55085AC820FD8A4800BF4ECB /* MASCompositeConstraint.h */,
				55085AC920FD8A4800BF4ECB /* MASCompositeConstraint.m */,
				55085ACA20FD8A4800BF4ECB /* MASConstraint+Private.h */,
				55085ACB20FD8A4800BF4ECB /* MASConstraint.h */,
				55085ACC20FD8A4800BF4ECB /* MASConstraint.m */,
				55085ACD20FD8A4800BF4ECB /* MASConstraintMaker.h */,
				55085ACE20FD8A4800BF4ECB /* MASConstraintMaker.m */,
				55085ACF20FD8A4800BF4ECB /* MASLayoutConstraint.h */,
				55085AD020FD8A4800BF4ECB /* MASLayoutConstraint.m */,
				55085AD120FD8A4800BF4ECB /* Masonry.h */,
				55085AD220FD8A4800BF4ECB /* MASUtilities.h */,
				55085AD320FD8A4800BF4ECB /* MASViewAttribute.h */,
				55085AD420FD8A4800BF4ECB /* MASViewAttribute.m */,
				55085AD520FD8A4800BF4ECB /* MASViewConstraint.h */,
				55085AD620FD8A4800BF4ECB /* MASViewConstraint.m */,
				55085AD720FD8A4800BF4ECB /* NSArray+MASAdditions.h */,
				55085AD820FD8A4800BF4ECB /* NSArray+MASAdditions.m */,
				55085AD920FD8A4800BF4ECB /* NSArray+MASShorthandAdditions.h */,
				55085ADA20FD8A4800BF4ECB /* NSLayoutConstraint+MASDebugAdditions.h */,
				55085ADB20FD8A4800BF4ECB /* NSLayoutConstraint+MASDebugAdditions.m */,
				55085ADC20FD8A4800BF4ECB /* View+MASAdditions.h */,
				55085ADD20FD8A4800BF4ECB /* View+MASAdditions.m */,
				55085ADE20FD8A4800BF4ECB /* View+MASShorthandAdditions.h */,
				55085ADF20FD8A4800BF4ECB /* ViewController+MASAdditions.h */,
				55085AE020FD8A4800BF4ECB /* ViewController+MASAdditions.m */,
			);
			path = Masonry;
			sourceTree = "<group>";
		};
/* End PBXGroup section */

/* Begin PBXNativeTarget section */
		55085A9920FD853200BF4ECB /* CYXCustomTabBarController */ = {
			isa = PBXNativeTarget;
			buildConfigurationList = 55085AB020FD853A00BF4ECB /* Build configuration list for PBXNativeTarget "CYXCustomTabBarController" */;
			buildPhases = (
				55085A9620FD853200BF4ECB /* Sources */,
				55085A9720FD853200BF4ECB /* Frameworks */,
				55085A9820FD853200BF4ECB /* Resources */,
			);
			buildRules = (
			);
			dependencies = (
			);
			name = CYXCustomTabBarController;
			productName = CYXCustomTabBarController;
			productReference = 55085A9A20FD853200BF4ECB /* CYXCustomTabBarController.app */;
			productType = "com.apple.product-type.application";
		};
/* End PBXNativeTarget section */

/* Begin PBXProject section */
		55085A9220FD853200BF4ECB /* Project object */ = {
			isa = PBXProject;
			attributes = {
				LastUpgradeCheck = 0940;
				ORGANIZATIONNAME = "超级腕电商";
				TargetAttributes = {
					55085A9920FD853200BF4ECB = {
						CreatedOnToolsVersion = 9.4.1;
					};
				};
			};
			buildConfigurationList = 55085A9520FD853200BF4ECB /* Build configuration list for PBXProject "CYXCustomTabBarController" */;
			compatibilityVersion = "Xcode 9.3";
			developmentRegion = en;
			hasScannedForEncodings = 0;
			knownRegions = (
				en,
				Base,
			);
			mainGroup = 55085A9120FD853200BF4ECB;
			productRefGroup = 55085A9B20FD853200BF4ECB /* Products */;
			projectDirPath = "";
			projectRoot = "";
			targets = (
				55085A9920FD853200BF4ECB /* CYXCustomTabBarController */,
			);
		};
/* End PBXProject section */

/* Begin PBXResourcesBuildPhase section */
		55085A9820FD853200BF4ECB /* Resources */ = {
			isa = PBXResourcesBuildPhase;
			buildActionMask = 2147483647;
			files = (
				55085AAA20FD853A00BF4ECB /* LaunchScreen.storyboard in Resources */,
				55085AF520FD9F2A00BF4ECB /* jmtIconBg.png in Resources */,
				55085AA720FD853A00BF4ECB /* Assets.xcassets in Resources */,
				55085AA520FD853200BF4ECB /* Main.storyboard in Resources */,
			);
			runOnlyForDeploymentPostprocessing = 0;
		};
/* End PBXResourcesBuildPhase section */

/* Begin PBXSourcesBuildPhase section */
		55085A9620FD853200BF4ECB /* Sources */ = {
			isa = PBXSourcesBuildPhase;
			buildActionMask = 2147483647;
			files = (
				55085AE220FD8A4800BF4ECB /* MASConstraint.m in Sources */,
				55085AE520FD8A4800BF4ECB /* MASViewAttribute.m in Sources */,
				55085AEA20FD8A4800BF4ECB /* ViewController+MASAdditions.m in Sources */,
				55085AF320FD96DF00BF4ECB /* UIView+Size.m in Sources */,
				55085AE720FD8A4800BF4ECB /* NSArray+MASAdditions.m in Sources */,
				55085AC420FD861400BF4ECB /* CYXTabBar.m in Sources */,
				55085AE620FD8A4800BF4ECB /* MASViewConstraint.m in Sources */,
				55085AE420FD8A4800BF4ECB /* MASLayoutConstraint.m in Sources */,
				55085AF020FD8F1500BF4ECB /* CYXTabBarItem.m in Sources */,
				55085AC520FD861400BF4ECB /* CYXTabBarViewController.m in Sources */,
				55085AA220FD853200BF4ECB /* ViewController.m in Sources */,
				55085AE920FD8A4800BF4ECB /* View+MASAdditions.m in Sources */,
				55085AE120FD8A4800BF4ECB /* MASCompositeConstraint.m in Sources */,
				55085AE820FD8A4800BF4ECB /* NSLayoutConstraint+MASDebugAdditions.m in Sources */,
				55085AE320FD8A4800BF4ECB /* MASConstraintMaker.m in Sources */,
				55085AAD20FD853A00BF4ECB /* main.m in Sources */,
				55085A9F20FD853200BF4ECB /* AppDelegate.m in Sources */,
				55085AC320FD861400BF4ECB /* CYXBarView.m in Sources */,
			);
			runOnlyForDeploymentPostprocessing = 0;
		};
/* End PBXSourcesBuildPhase section */

/* Begin PBXVariantGroup section */
		55085AA320FD853200BF4ECB /* Main.storyboard */ = {
			isa = PBXVariantGroup;
			children = (
				55085AA420FD853200BF4ECB /* Base */,
			);
			name = Main.storyboard;
			sourceTree = "<group>";
		};
		55085AA820FD853A00BF4ECB /* LaunchScreen.storyboard */ = {
			isa = PBXVariantGroup;
			children = (
				55085AA920FD853A00BF4ECB /* Base */,
			);
			name = LaunchScreen.storyboard;
			sourceTree = "<group>";
		};
/* End PBXVariantGroup section */

/* Begin XCBuildConfiguration section */
		55085AAE20FD853A00BF4ECB /* Debug */ = {
			isa = XCBuildConfiguration;
			buildSettings = {
				ALWAYS_SEARCH_USER_PATHS = NO;
				CLANG_ANALYZER_NONNULL = YES;
				CLANG_ANALYZER_NUMBER_OBJECT_CONVERSION = YES_AGGRESSIVE;
				CLANG_CXX_LANGUAGE_STANDARD = "gnu++14";
				CLANG_CXX_LIBRARY = "libc++";
				CLANG_ENABLE_MODULES = YES;
				CLANG_ENABLE_OBJC_ARC = YES;
				CLANG_ENABLE_OBJC_WEAK = YES;
				CLANG_WARN_BLOCK_CAPTURE_AUTORELEASING = YES;
				CLANG_WARN_BOOL_CONVERSION = YES;
				CLANG_WARN_COMMA = YES;
				CLANG_WARN_CONSTANT_CONVERSION = YES;
				CLANG_WARN_DEPRECATED_OBJC_IMPLEMENTATIONS = YES;
				CLANG_WARN_DIRECT_OBJC_ISA_USAGE = YES_ERROR;
				CLANG_WARN_DOCUMENTATION_COMMENTS = YES;
				CLANG_WARN_EMPTY_BODY = YES;
				CLANG_WARN_ENUM_CONVERSION = YES;
				CLANG_WARN_INFINITE_RECURSION = YES;
				CLANG_WARN_INT_CONVERSION = YES;
				CLANG_WARN_NON_LITERAL_NULL_CONVERSION = YES;
				CLANG_WARN_OBJC_IMPLICIT_RETAIN_SELF = YES;
				CLANG_WARN_OBJC_LITERAL_CONVERSION = YES;
				CLANG_WARN_OBJC_ROOT_CLASS = YES_ERROR;
				CLANG_WARN_RANGE_LOOP_ANALYSIS = YES;
				CLANG_WARN_STRICT_PROTOTYPES = YES;
				CLANG_WARN_SUSPICIOUS_MOVE = YES;
				CLANG_WARN_UNGUARDED_AVAILABILITY = YES_AGGRESSIVE;
				CLANG_WARN_UNREACHABLE_CODE = YES;
				CLANG_WARN__DUPLICATE_METHOD_MATCH = YES;
				CODE_SIGN_IDENTITY = "iPhone Developer";
				COPY_PHASE_STRIP = NO;
				DEBUG_INFORMATION_FORMAT = dwarf;
				ENABLE_STRICT_OBJC_MSGSEND = YES;
				ENABLE_TESTABILITY = YES;
				GCC_C_LANGUAGE_STANDARD = gnu11;
				GCC_DYNAMIC_NO_PIC = NO;
				GCC_NO_COMMON_BLOCKS = YES;
				GCC_OPTIMIZATION_LEVEL = 0;
				GCC_PREPROCESSOR_DEFINITIONS = (
					"DEBUG=1",
					"$(inherited)",
				);
				GCC_WARN_64_TO_32_BIT_CONVERSION = YES;
				GCC_WARN_ABOUT_RETURN_TYPE = YES_ERROR;
				GCC_WARN_UNDECLARED_SELECTOR = YES;
				GCC_WARN_UNINITIALIZED_AUTOS = YES_AGGRESSIVE;
				GCC_WARN_UNUSED_FUNCTION = YES;
				GCC_WARN_UNUSED_VARIABLE = YES;
				IPHONEOS_DEPLOYMENT_TARGET = 11.4;
				MTL_ENABLE_DEBUG_INFO = YES;
				ONLY_ACTIVE_ARCH = YES;
				SDKROOT = iphoneos;
			};
			name = Debug;
		};
		55085AAF20FD853A00BF4ECB /* Release */ = {
			isa = XCBuildConfiguration;
			buildSettings = {
				ALWAYS_SEARCH_USER_PATHS = NO;
				CLANG_ANALYZER_NONNULL = YES;
				CLANG_ANALYZER_NUMBER_OBJECT_CONVERSION = YES_AGGRESSIVE;
				CLANG_CXX_LANGUAGE_STANDARD = "gnu++14";
				CLANG_CXX_LIBRARY = "libc++";
				CLANG_ENABLE_MODULES = YES;
				CLANG_ENABLE_OBJC_ARC = YES;
				CLANG_ENABLE_OBJC_WEAK = YES;
				CLANG_WARN_BLOCK_CAPTURE_AUTORELEASING = YES;
				CLANG_WARN_BOOL_CONVERSION = YES;
				CLANG_WARN_COMMA = YES;
				CLANG_WARN_CONSTANT_CONVERSION = YES;
				CLANG_WARN_DEPRECATED_OBJC_IMPLEMENTATIONS = YES;
				CLANG_WARN_DIRECT_OBJC_ISA_USAGE = YES_ERROR;
				CLANG_WARN_DOCUMENTATION_COMMENTS = YES;
				CLANG_WARN_EMPTY_BODY = YES;
				CLANG_WARN_ENUM_CONVERSION = YES;
				CLANG_WARN_INFINITE_RECURSION = YES;
				CLANG_WARN_INT_CONVERSION = YES;
				CLANG_WARN_NON_LITERAL_NULL_CONVERSION = YES;
				CLANG_WARN_OBJC_IMPLICIT_RETAIN_SELF = YES;
				CLANG_WARN_OBJC_LITERAL_CONVERSION = YES;
				CLANG_WARN_OBJC_ROOT_CLASS = YES_ERROR;
				CLANG_WARN_RANGE_LOOP_ANALYSIS = YES;
				CLANG_WARN_STRICT_PROTOTYPES = YES;
				CLANG_WARN_SUSPICIOUS_MOVE = YES;
				CLANG_WARN_UNGUARDED_AVAILABILITY = YES_AGGRESSIVE;
				CLANG_WARN_UNREACHABLE_CODE = YES;
				CLANG_WARN__DUPLICATE_METHOD_MATCH = YES;
				CODE_SIGN_IDENTITY = "iPhone Developer";
				COPY_PHASE_STRIP = NO;
				DEBUG_INFORMATION_FORMAT = "dwarf-with-dsym";
				ENABLE_NS_ASSERTIONS = NO;
				ENABLE_STRICT_OBJC_MSGSEND = YES;
				GCC_C_LANGUAGE_STANDARD = gnu11;
				GCC_NO_COMMON_BLOCKS = YES;
				GCC_WARN_64_TO_32_BIT_CONVERSION = YES;
				GCC_WARN_ABOUT_RETURN_TYPE = YES_ERROR;
				GCC_WARN_UNDECLARED_SELECTOR = YES;
				GCC_WARN_UNINITIALIZED_AUTOS = YES_AGGRESSIVE;
				GCC_WARN_UNUSED_FUNCTION = YES;
				GCC_WARN_UNUSED_VARIABLE = YES;
				IPHONEOS_DEPLOYMENT_TARGET = 11.4;
				MTL_ENABLE_DEBUG_INFO = NO;
				SDKROOT = iphoneos;
				VALIDATE_PRODUCT = YES;
			};
			name = Release;
		};
		55085AB120FD853A00BF4ECB /* Debug */ = {
			isa = XCBuildConfiguration;
			buildSettings = {
				ASSETCATALOG_COMPILER_APPICON_NAME = AppIcon;
				CODE_SIGN_STYLE = Automatic;
				DEVELOPMENT_TEAM = K999N3JYXU;
				INFOPLIST_FILE = CYXCustomTabBarController/Info.plist;
				IPHONEOS_DEPLOYMENT_TARGET = 9.0;
				LD_RUNPATH_SEARCH_PATHS = (
					"$(inherited)",
					"@executable_path/Frameworks",
				);
				PRODUCT_BUNDLE_IDENTIFIER = model.CYXCustomTabBarController;
				PRODUCT_NAME = "$(TARGET_NAME)";
				TARGETED_DEVICE_FAMILY = 1;
			};
			name = Debug;
		};
		55085AB220FD853A00BF4ECB /* Release */ = {
			isa = XCBuildConfiguration;
			buildSettings = {
				ASSETCATALOG_COMPILER_APPICON_NAME = AppIcon;
				CODE_SIGN_STYLE = Automatic;
				DEVELOPMENT_TEAM = K999N3JYXU;
				INFOPLIST_FILE = CYXCustomTabBarController/Info.plist;
				IPHONEOS_DEPLOYMENT_TARGET = 9.0;
				LD_RUNPATH_SEARCH_PATHS = (
					"$(inherited)",
					"@executable_path/Frameworks",
				);
				PRODUCT_BUNDLE_IDENTIFIER = model.CYXCustomTabBarController;
				PRODUCT_NAME = "$(TARGET_NAME)";
				TARGETED_DEVICE_FAMILY = 1;
			};
			name = Release;
		};
/* End XCBuildConfiguration section */

/* Begin XCConfigurationList section */
		55085A9520FD853200BF4ECB /* Build configuration list for PBXProject "CYXCustomTabBarController" */ = {
			isa = XCConfigurationList;
			buildConfigurations = (
				55085AAE20FD853A00BF4ECB /* Debug */,
				55085AAF20FD853A00BF4ECB /* Release */,
			);
			defaultConfigurationIsVisible = 0;
			defaultConfigurationName = Release;
		};
		55085AB020FD853A00BF4ECB /* Build configuration list for PBXNativeTarget "CYXCustomTabBarController" */ = {
			isa = XCConfigurationList;
			buildConfigurations = (
				55085AB120FD853A00BF4ECB /* Debug */,
				55085AB220FD853A00BF4ECB /* Release */,
			);
			defaultConfigurationIsVisible = 0;
			defaultConfigurationName = Release;
		};
/* End XCConfigurationList section */
	};
	rootObject = 55085A9220FD853200BF4ECB /* Project object */;
}
